// !$*UTF8*$!
{
	archiveVersion = 1;
	classes = {
	};
	objectVersion = 56;
	objects = {

/* Begin PBXBuildFile section */
		AA294E84290B31F800359BF8 /* AppDelegate.swift in Sources */ = {isa = PBXBuildFile; fileRef = AA294E83290B31F800359BF8 /* AppDelegate.swift */; };
		AA294E86290B31F800359BF8 /* SceneDelegate.swift in Sources */ = {isa = PBXBuildFile; fileRef = AA294E85290B31F800359BF8 /* SceneDelegate.swift */; };
		AA294E88290B31F800359BF8 /* TodoListViewController.swift in Sources */ = {isa = PBXBuildFile; fileRef = AA294E87290B31F800359BF8 /* TodoListViewController.swift */; };
		AA294E8B290B31F800359BF8 /* Main.storyboard in Resources */ = {isa = PBXBuildFile; fileRef = AA294E89290B31F800359BF8 /* Main.storyboard */; };
		AA294E8E290B31F800359BF8 /* TodoApp.xcdatamodeld in Sources */ = {isa = PBXBuildFile; fileRef = AA294E8C290B31F800359BF8 /* TodoApp.xcdatamodeld */; };
		AA294E90290B31FA00359BF8 /* Assets.xcassets in Resources */ = {isa = PBXBuildFile; fileRef = AA294E8F290B31FA00359BF8 /* Assets.xcassets */; };
		AA294E93290B31FA00359BF8 /* LaunchScreen.storyboard in Resources */ = {isa = PBXBuildFile; fileRef = AA294E91290B31FA00359BF8 /* LaunchScreen.storyboard */; };
		AA3CDE8B290F3D7E002A7373 /* CatagoryViewController.swift in Sources */ = {isa = PBXBuildFile; fileRef = AA3CDE8A290F3D7E002A7373 /* CatagoryViewController.swift */; };
		AAFF47D129130A770067D2A6 /* Data.swift in Sources */ = {isa = PBXBuildFile; fileRef = AAFF47D029130A770067D2A6 /* Data.swift */; };
		AAFF47D4291331920067D2A6 /* SwipeCellKit in Frameworks */ = {isa = PBXBuildFile; productRef = AAFF47D3291331920067D2A6 /* SwipeCellKit */; };
		AAFF47D6291430270067D2A6 /* SwipeTableViewController.swift in Sources */ = {isa = PBXBuildFile; fileRef = AAFF47D5291430260067D2A6 /* SwipeTableViewController.swift */; };
/* End PBXBuildFile section */

/* Begin PBXFileReference section */
		AA294E80290B31F800359BF8 /* TodoApp.app */ = {isa = PBXFileReference; explicitFileType = wrapper.application; includeInIndex = 0; path = TodoApp.app; sourceTree = BUILT_PRODUCTS_DIR; };
		AA294E83290B31F800359BF8 /* AppDelegate.swift */ = {isa = PBXFileReference; lastKnownFileType = sourcecode.swift; path = AppDelegate.swift; sourceTree = "<group>"; };
		AA294E85290B31F800359BF8 /* SceneDelegate.swift */ = {isa = PBXFileReference; lastKnownFileType = sourcecode.swift; path = SceneDelegate.swift; sourceTree = "<group>"; };
		AA294E87290B31F800359BF8 /* TodoListViewController.swift */ = {isa = PBXFileReference; lastKnownFileType = sourcecode.swift; path = TodoListViewController.swift; sourceTree = "<group>"; };
		AA294E8A290B31F800359BF8 /* Base */ = {isa = PBXFileReference; lastKnownFileType = file.storyboard; name = Base; path = Base.lproj/Main.storyboard; sourceTree = "<group>"; };
		AA294E8D290B31F800359BF8 /* TodoApp.xcdatamodel */ = {isa = PBXFileReference; lastKnownFileType = wrapper.xcdatamodel; path = TodoApp.xcdatamodel; sourceTree = "<group>"; };
		AA294E8F290B31FA00359BF8 /* Assets.xcassets */ = {isa = PBXFileReference; lastKnownFileType = folder.assetcatalog; path = Assets.xcassets; sourceTree = "<group>"; };
		AA294E92290B31FA00359BF8 /* Base */ = {isa = PBXFileReference; lastKnownFileType = file.storyboard; name = Base; path = Base.lproj/LaunchScreen.storyboard; sourceTree = "<group>"; };
		AA294E94290B31FA00359BF8 /* Info.plist */ = {isa = PBXFileReference; lastKnownFileType = text.plist.xml; path = Info.plist; sourceTree = "<group>"; };
		AA3CDE8A290F3D7E002A7373 /* CatagoryViewController.swift */ = {isa = PBXFileReference; lastKnownFileType = sourcecode.swift; path = CatagoryViewController.swift; sourceTree = "<group>"; };
		AAFF47D029130A770067D2A6 /* Data.swift */ = {isa = PBXFileReference; lastKnownFileType = sourcecode.swift; path = Data.swift; sourceTree = "<group>"; };
		AAFF47D5291430260067D2A6 /* SwipeTableViewController.swift */ = {isa = PBXFileReference; lastKnownFileType = sourcecode.swift; path = SwipeTableViewController.swift; sourceTree = "<group>"; };
/* End PBXFileReference section */

/* Begin PBXFrameworksBuildPhase section */
		AA294E7D290B31F800359BF8 /* Frameworks */ = {
			isa = PBXFrameworksBuildPhase;
			buildActionMask = 2147483647;
			files = (
				AAFF47D4291331920067D2A6 /* SwipeCellKit in Frameworks */,
			);
			runOnlyForDeploymentPostprocessing = 0;
		};
/* End PBXFrameworksBuildPhase section */

/* Begin PBXGroup section */
		AA294E77290B31F800359BF8 = {
			isa = PBXGroup;
			children = (
				AA294E82290B31F800359BF8 /* TodoApp */,
				AA294E81290B31F800359BF8 /* Products */,
			);
			sourceTree = "<group>";
		};
		AA294E81290B31F800359BF8 /* Products */ = {
			isa = PBXGroup;
			children = (
				AA294E80290B31F800359BF8 /* TodoApp.app */,
			);
			name = Products;
			sourceTree = "<group>";
		};
		AA294E82290B31F800359BF8 /* TodoApp */ = {
			isa = PBXGroup;
			children = (
				AA294E85290B31F800359BF8 /* SceneDelegate.swift */,
				AA294E83290B31F800359BF8 /* AppDelegate.swift */,
				AA294E9A290C47A400359BF8 /* Models */,
				AA294E9D290C47D300359BF8 /* Controllers */,
				AA294E9E290C47EB00359BF8 /* Views */,
				AA294E9F290C481800359BF8 /* Supporting Files */,
				AA294E94290B31FA00359BF8 /* Info.plist */,
			);
			path = TodoApp;
			sourceTree = "<group>";
		};
		AA294E9A290C47A400359BF8 /* Models */ = {
			isa = PBXGroup;
			children = (
				AA294E8C290B31F800359BF8 /* TodoApp.xcdatamodeld */,
				AAFF47D029130A770067D2A6 /* Data.swift */,
			);
			path = Models;
			sourceTree = "<group>";
		};
		AA294E9D290C47D300359BF8 /* Controllers */ = {
			isa = PBXGroup;
			children = (
				AA3CDE8A290F3D7E002A7373 /* CatagoryViewController.swift */,
				AA294E87290B31F800359BF8 /* TodoListViewController.swift */,
				AAFF47D5291430260067D2A6 /* SwipeTableViewController.swift */,
			);
			path = Controllers;
			sourceTree = "<group>";
		};
		AA294E9E290C47EB00359BF8 /* Views */ = {
			isa = PBXGroup;
			children = (
				AA294E89290B31F800359BF8 /* Main.storyboard */,
			);
			path = Views;
			sourceTree = "<group>";
		};
		AA294E9F290C481800359BF8 /* Supporting Files */ = {
			isa = PBXGroup;
			children = (
				AA294E8F290B31FA00359BF8 /* Assets.xcassets */,
				AA294E91290B31FA00359BF8 /* LaunchScreen.storyboard */,
			);
			path = "Supporting Files";
			sourceTree = "<group>";
		};
/* End PBXGroup section */

/* Begin PBXNativeTarget section */
		AA294E7F290B31F800359BF8 /* TodoApp */ = {
			isa = PBXNativeTarget;
			buildConfigurationList = AA294E97290B31FA00359BF8 /* Build configuration list for PBXNativeTarget "TodoApp" */;
			buildPhases = (
				AA294E7C290B31F800359BF8 /* Sources */,
				AA294E7D290B31F800359BF8 /* Frameworks */,
				AA294E7E290B31F800359BF8 /* Resources */,
			);
			buildRules = (
			);
			dependencies = (
			);
			name = TodoApp;
			packageProductDependencies = (
				AAFF47D3291331920067D2A6 /* SwipeCellKit */,
			);
			productName = TodoApp;
			productReference = AA294E80290B31F800359BF8 /* TodoApp.app */;
			productType = "com.apple.product-type.application";
		};
/* End PBXNativeTarget section */

/* Begin PBXProject section */
		AA294E78290B31F800359BF8 /* Project object */ = {
			isa = PBXProject;
			attributes = {
				BuildIndependentTargetsInParallel = 1;
				LastSwiftUpdateCheck = 1400;
				LastUpgradeCheck = 1400;
				TargetAttributes = {
					AA294E7F290B31F800359BF8 = {
						CreatedOnToolsVersion = 14.0;
					};
				};
			};
			buildConfigurationList = AA294E7B290B31F800359BF8 /* Build configuration list for PBXProject "TodoApp" */;
			compatibilityVersion = "Xcode 14.0";
			developmentRegion = en;
			hasScannedForEncodings = 0;
			knownRegions = (
				en,
				Base,
			);
			mainGroup = AA294E77290B31F800359BF8;
			packageReferences = (
				AAFF47D2291331920067D2A6 /* XCRemoteSwiftPackageReference "SwipeCellKit" */,
			);
			productRefGroup = AA294E81290B31F800359BF8 /* Products */;
			projectDirPath = "";
			projectRoot = "";
			targets = (
				AA294E7F290B31F800359BF8 /* TodoApp */,
			);
		};
/* End PBXProject section */

/* Begin PBXResourcesBuildPhase section */
		AA294E7E290B31F800359BF8 /* Resources */ = {
			isa = PBXResourcesBuildPhase;
			buildActionMask = 2147483647;
			files = (
				AA294E93290B31FA00359BF8 /* LaunchScreen.storyboard in Resources */,
				AA294E90290B31FA00359BF8 /* Assets.xcassets in Resources */,
				AA294E8B290B31F800359BF8 /* Main.storyboard in Resources */,
			);
			runOnlyForDeploymentPostprocessing = 0;
		};
/* End PBXResourcesBuildPhase section */

/* Begin PBXSourcesBuildPhase section */
		AA294E7C290B31F800359BF8 /* Sources */ = {
			isa = PBXSourcesBuildPhase;
			buildActionMask = 2147483647;
			files = (
				AA3CDE8B290F3D7E002A7373 /* CatagoryViewController.swift in Sources */,
				AAFF47D129130A770067D2A6 /* Data.swift in Sources */,
				AA294E88290B31F800359BF8 /* TodoListViewController.swift in Sources */,
				AAFF47D6291430270067D2A6 /* SwipeTableViewController.swift in Sources */,
				AA294E84290B31F800359BF8 /* AppDelegate.swift in Sources */,
				AA294E86290B31F800359BF8 /* SceneDelegate.swift in Sources */,
				AA294E8E290B31F800359BF8 /* TodoApp.xcdatamodeld in Sources */,
			);
			runOnlyForDeploymentPostprocessing = 0;
		};
/* End PBXSourcesBuildPhase section */

/* Begin PBXVariantGroup section */
		AA294E89290B31F800359BF8 /* Main.storyboard */ = {
			isa = PBXVariantGroup;
			children = (
				AA294E8A290B31F800359BF8 /* Base */,
			);
			name = Main.storyboard;
			sourceTree = "<group>";
		};
		AA294E91290B31FA00359BF8 /* LaunchScreen.storyboard */ = {
			isa = PBXVariantGroup;
			children = (
				AA294E92290B31FA00359BF8 /* Base */,
			);
			name = LaunchScreen.storyboard;
			sourceTree = "<group>";
		};
/* End PBXVariantGroup section */

/* Begin XCBuildConfiguration section */
		AA294E95290B31FA00359BF8 /* Debug */ = {
			isa = XCBuildConfiguration;
			buildSettings = {
				ALWAYS_SEARCH_USER_PATHS = NO;
				CLANG_ANALYZER_NONNULL = YES;
				CLANG_ANALYZER_NUMBER_OBJECT_CONVERSION = YES_AGGRESSIVE;
				CLANG_CXX_LANGUAGE_STANDARD = "gnu++20";
				CLANG_ENABLE_MODULES = YES;
				CLANG_ENABLE_OBJC_ARC = YES;
				CLANG_ENABLE_OBJC_WEAK = YES;
				CLANG_WARN_BLOCK_CAPTURE_AUTORELEASING = YES;
				CLANG_WARN_BOOL_CONVERSION = YES;
				CLANG_WARN_COMMA = YES;
				CLANG_WARN_CONSTANT_CONVERSION = YES;
				CLANG_WARN_DEPRECATED_OBJC_IMPLEMENTATIONS = YES;
				CLANG_WARN_DIRECT_OBJC_ISA_USAGE = YES_ERROR;
				CLANG_WARN_DOCUMENTATION_COMMENTS = YES;
				CLANG_WARN_EMPTY_BODY = YES;
				CLANG_WARN_ENUM_CONVERSION = YES;
				CLANG_WARN_INFINITE_RECURSION = YES;
				CLANG_WARN_INT_CONVERSION = YES;
				CLANG_WARN_NON_LITERAL_NULL_CONVERSION = YES;
				CLANG_WARN_OBJC_IMPLICIT_RETAIN_SELF = YES;
				CLANG_WARN_OBJC_LITERAL_CONVERSION = YES;
				CLANG_WARN_OBJC_ROOT_CLASS = YES_ERROR;
				CLANG_WARN_QUOTED_INCLUDE_IN_FRAMEWORK_HEADER = YES;
				CLANG_WARN_RANGE_LOOP_ANALYSIS = YES;
				CLANG_WARN_STRICT_PROTOTYPES = YES;
				CLANG_WARN_SUSPICIOUS_MOVE = YES;
				CLANG_WARN_UNGUARDED_AVAILABILITY = YES_AGGRESSIVE;
				CLANG_WARN_UNREACHABLE_CODE = YES;
				CLANG_WARN__DUPLICATE_METHOD_MATCH = YES;
				COPY_PHASE_STRIP = NO;
				DEBUG_INFORMATION_FORMAT = dwarf;
				ENABLE_STRICT_OBJC_MSGSEND = YES;
				ENABLE_TESTABILITY = YES;
				GCC_C_LANGUAGE_STANDARD = gnu11;
				GCC_DYNAMIC_NO_PIC = NO;
				GCC_NO_COMMON_BLOCKS = YES;
				GCC_OPTIMIZATION_LEVEL = 0;
				GCC_PREPROCESSOR_DEFINITIONS = (
					"DEBUG=1",
					"$(inherited)",
				);
				GCC_WARN_64_TO_32_BIT_CONVERSION = YES;
				GCC_WARN_ABOUT_RETURN_TYPE = YES_ERROR;
				GCC_WARN_UNDECLARED_SELECTOR = YES;
				GCC_WARN_UNINITIALIZED_AUTOS = YES_AGGRESSIVE;
				GCC_WARN_UNUSED_FUNCTION = YES;
				GCC_WARN_UNUSED_VARIABLE = YES;
				IPHONEOS_DEPLOYMENT_TARGET = 16.0;
				MTL_ENABLE_DEBUG_INFO = INCLUDE_SOURCE;
				MTL_FAST_MATH = YES;
				ONLY_ACTIVE_ARCH = YES;
				SDKROOT = iphoneos;
				SWIFT_ACTIVE_COMPILATION_CONDITIONS = DEBUG;
				SWIFT_OPTIMIZATION_LEVEL = "-Onone";
			};
			name = Debug;
		};
		AA294E96290B31FA00359BF8 /* Release */ = {
			isa = XCBuildConfiguration;
			buildSettings = {
				ALWAYS_SEARCH_USER_PATHS = NO;
				CLANG_ANALYZER_NONNULL = YES;
				CLANG_ANALYZER_NUMBER_OBJECT_CONVERSION = YES_AGGRESSIVE;
				CLANG_CXX_LANGUAGE_STANDARD = "gnu++20";
				CLANG_ENABLE_MODULES = YES;
				CLANG_ENABLE_OBJC_ARC = YES;
				CLANG_ENABLE_OBJC_WEAK = YES;
				CLANG_WARN_BLOCK_CAPTURE_AUTORELEASING = YES;
				CLANG_WARN_BOOL_CONVERSION = YES;
				CLANG_WARN_COMMA = YES;
				CLANG_WARN_CONSTANT_CONVERSION = YES;
				CLANG_WARN_DEPRECATED_OBJC_IMPLEMENTATIONS = YES;
				CLANG_WARN_DIRECT_OBJC_ISA_USAGE = YES_ERROR;
				CLANG_WARN_DOCUMENTATION_COMMENTS = YES;
				CLANG_WARN_EMPTY_BODY = YES;
				CLANG_WARN_ENUM_CONVERSION = YES;
				CLANG_WARN_INFINITE_RECURSION = YES;
				CLANG_WARN_INT_CONVERSION = YES;
				CLANG_WARN_NON_LITERAL_NULL_CONVERSION = YES;
				CLANG_WARN_OBJC_IMPLICIT_RETAIN_SELF = YES;
				CLANG_WARN_OBJC_LITERAL_CONVERSION = YES;
				CLANG_WARN_OBJC_ROOT_CLASS = YES_ERROR;
				CLANG_WARN_QUOTED_INCLUDE_IN_FRAMEWORK_HEADER = YES;
				CLANG_WARN_RANGE_LOOP_ANALYSIS = YES;
				CLANG_WARN_STRICT_PROTOTYPES = YES;
				CLANG_WARN_SUSPICIOUS_MOVE = YES;
				CLANG_WARN_UNGUARDED_AVAILABILITY = YES_AGGRESSIVE;
				CLANG_WARN_UNREACHABLE_CODE = YES;
				CLANG_WARN__DUPLICATE_METHOD_MATCH = YES;
				COPY_PHASE_STRIP = NO;
				DEBUG_INFORMATION_FORMAT = "dwarf-with-dsym";
				ENABLE_NS_ASSERTIONS = NO;
				ENABLE_STRICT_OBJC_MSGSEND = YES;
				GCC_C_LANGUAGE_STANDARD = gnu11;
				GCC_NO_COMMON_BLOCKS = YES;
				GCC_WARN_64_TO_32_BIT_CONVERSION = YES;
				GCC_WARN_ABOUT_RETURN_TYPE = YES_ERROR;
				GCC_WARN_UNDECLARED_SELECTOR = YES;
				GCC_WARN_UNINITIALIZED_AUTOS = YES_AGGRESSIVE;
				GCC_WARN_UNUSED_FUNCTION = YES;
				GCC_WARN_UNUSED_VARIABLE = YES;
				IPHONEOS_DEPLOYMENT_TARGET = 16.0;
				MTL_ENABLE_DEBUG_INFO = NO;
				MTL_FAST_MATH = YES;
				SDKROOT = iphoneos;
				SWIFT_COMPILATION_MODE = wholemodule;
				SWIFT_OPTIMIZATION_LEVEL = "-O";
				VALIDATE_PRODUCT = YES;
			};
			name = Release;
		};
		AA294E98290B31FA00359BF8 /* Debug */ = {
			isa = XCBuildConfiguration;
			buildSettings = {
				ASSETCATALOG_COMPILER_APPICON_NAME = AppIcon;
				ASSETCATALOG_COMPILER_GLOBAL_ACCENT_COLOR_NAME = AccentColor;
				CODE_SIGN_STYLE = Automatic;
				CURRENT_PROJECT_VERSION = 1;
				DEVELOPMENT_TEAM = 534SAT4S5S;
				GENERATE_INFOPLIST_FILE = YES;
				INFOPLIST_FILE = TodoApp/Info.plist;
				INFOPLIST_KEY_UIApplicationSupportsIndirectInputEvents = YES;
				INFOPLIST_KEY_UILaunchStoryboardName = LaunchScreen;
				INFOPLIST_KEY_UIMainStoryboardFile = Main;
				INFOPLIST_KEY_UISupportedInterfaceOrientations_iPad = "UIInterfaceOrientationPortrait UIInterfaceOrientationPortraitUpsideDown UIInterfaceOrientationLandscapeLeft UIInterfaceOrientationLandscapeRight";
				INFOPLIST_KEY_UISupportedInterfaceOrientations_iPhone = "UIInterfaceOrientationPortrait UIInterfaceOrientationLandscapeLeft UIInterfaceOrientationLandscapeRight";
				LD_RUNPATH_SEARCH_PATHS = (
					"$(inherited)",
					"@executable_path/Frameworks",
				);
				MARKETING_VERSION = 1.0;
				PRODUCT_BUNDLE_IDENTIFIER = raidan.TodoApp;
				PRODUCT_NAME = "$(TARGET_NAME)";
				SWIFT_EMIT_LOC_STRINGS = YES;
				SWIFT_VERSION = 5.0;
				TARGETED_DEVICE_FAMILY = "1,2";
			};
			name = Debug;
		};
		AA294E99290B31FA00359BF8 /* Release */ = {
			isa = XCBuildConfiguration;
			buildSettings = {
				ASSETCATALOG_COMPILER_APPICON_NAME = AppIcon;
				ASSETCATALOG_COMPILER_GLOBAL_ACCENT_COLOR_NAME = AccentColor;
				CODE_SIGN_STYLE = Automatic;
				CURRENT_PROJECT_VERSION = 1;
				DEVELOPMENT_TEAM = 534SAT4S5S;
				GENERATE_INFOPLIST_FILE = YES;
				INFOPLIST_FILE = TodoApp/Info.plist;
				INFOPLIST_KEY_UIApplicationSupportsIndirectInputEvents = YES;
				INFOPLIST_KEY_UILaunchStoryboardName = LaunchScreen;
				INFOPLIST_KEY_UIMainStoryboardFile = Main;
				INFOPLIST_KEY_UISupportedInterfaceOrientations_iPad = "UIInterfaceOrientationPortrait UIInterfaceOrientationPortraitUpsideDown UIInterfaceOrientationLandscapeLeft UIInterfaceOrientationLandscapeRight";
				INFOPLIST_KEY_UISupportedInterfaceOrientations_iPhone = "UIInterfaceOrientationPortrait UIInterfaceOrientationLandscapeLeft UIInterfaceOrientationLandscapeRight";
				LD_RUNPATH_SEARCH_PATHS = (
					"$(inherited)",
					"@executable_path/Frameworks",
				);
				MARKETING_VERSION = 1.0;
				PRODUCT_BUNDLE_IDENTIFIER = raidan.TodoApp;
				PRODUCT_NAME = "$(TARGET_NAME)";
				SWIFT_EMIT_LOC_STRINGS = YES;
				SWIFT_VERSION = 5.0;
				TARGETED_DEVICE_FAMILY = "1,2";
			};
			name = Release;
		};
/* End XCBuildConfiguration section */

/* Begin XCConfigurationList section */
		AA294E7B290B31F800359BF8 /* Build configuration list for PBXProject "TodoApp" */ = {
			isa = XCConfigurationList;
			buildConfigurations = (
				AA294E95290B31FA00359BF8 /* Debug */,
				AA294E96290B31FA00359BF8 /* Release */,
			);
			defaultConfigurationIsVisible = 0;
			defaultConfigurationName = Release;
		};
		AA294E97290B31FA00359BF8 /* Build configuration list for PBXNativeTarget "TodoApp" */ = {
			isa = XCConfigurationList;
			buildConfigurations = (
				AA294E98290B31FA00359BF8 /* Debug */,
				AA294E99290B31FA00359BF8 /* Release */,
			);
			defaultConfigurationIsVisible = 0;
			defaultConfigurationName = Release;
		};
/* End XCConfigurationList section */

/* Begin XCRemoteSwiftPackageReference section */
		AAFF47D2291331920067D2A6 /* XCRemoteSwiftPackageReference "SwipeCellKit" */ = {
			isa = XCRemoteSwiftPackageReference;
			repositoryURL = "https://github.com/SwipeCellKit/SwipeCellKit";
			requirement = {
				kind = upToNextMajorVersion;
				minimumVersion = 2.7.1;
			};
		};
/* End XCRemoteSwiftPackageReference section */

/* Begin XCSwiftPackageProductDependency section */
		AAFF47D3291331920067D2A6 /* SwipeCellKit */ = {
			isa = XCSwiftPackageProductDependency;
			package = AAFF47D2291331920067D2A6 /* XCRemoteSwiftPackageReference "SwipeCellKit" */;
			productName = SwipeCellKit;
		};
/* End XCSwiftPackageProductDependency section */

/* Begin XCVersionGroup section */
		AA294E8C290B31F800359BF8 /* TodoApp.xcdatamodeld */ = {
			isa = XCVersionGroup;
			children = (
				AA294E8D290B31F800359BF8 /* TodoApp.xcdatamodel */,
			);
			currentVersion = AA294E8D290B31F800359BF8 /* TodoApp.xcdatamodel */;
			path = TodoApp.xcdatamodeld;
			sourceTree = "<group>";
			versionGroupType = wrapper.xcdatamodel;
		};
/* End XCVersionGroup section */
	};
	rootObject = AA294E78290B31F800359BF8 /* Project object */;
}
